
Microsoft Visual Studio Solution File, Format Version 12.00
# Visual Studio 15
VisualStudioVersion = 15.0.27428.2037
MinimumVisualStudioVersion = 10.0.40219.1
Project("{F184B08F-C81C-45F6-A57F-5ABD9991F28F}") = "estructura_de_control", "unidad 2\estructura_de_control.vbproj", "{024FFA86-F73B-41F2-9D23-CD0A99A65FAB}"
EndProject
Global
	GlobalSection(SolutionConfigurationPlatforms) = preSolution
		Debug|Any CPU = Debug|Any CPU
		Release|Any CPU = Release|Any CPU
	EndGlobalSection
	GlobalSection(ProjectConfigurationPlatforms) = postSolution
		{024FFA86-F73B-41F2-9D23-CD0A99A65FAB}.Debug|Any CPU.ActiveCfg = Debug|Any CPU
		{024FFA86-F73B-41F2-9D23-CD0A99A65FAB}.Debug|Any CPU.Build.0 = Debug|Any CPU
		{024FFA86-F73B-41F2-9D23-CD0A99A65FAB}.Release|Any CPU.ActiveCfg = Release|Any CPU
		{024FFA86-F73B-41F2-9D23-CD0A99A65FAB}.Release|Any CPU.Build.0 = Release|Any CPU
	EndGlobalSection
	GlobalSection(SolutionProperties) = preSolution
		HideSolutionNode = FALSE
	EndGlobalSection
	GlobalSection(ExtensibilityGlobals) = postSolution
		SolutionGuid = {1B345DBF-896F-4560-BBB1-B7351C900FD5}
	EndGlobalSection
EndGlobal
